
Microsoft Visual Studio Solution File, Format Version 12.00
# Visual Studio 2013
VisualStudioVersion = 12.0.30501.0
MinimumVisualStudioVersion = 10.0.40219.1
Project("{FAE04EC0-301F-11D3-BF4B-00C04F79EFBC}") = "GSIntegradora.Aplicacao", "GSIntegradora.Aplicacao\GSIntegradora.Aplicacao.csproj", "{39A391B1-B5C6-46FE-9CF7-739911F99765}"
EndProject
Project("{FAE04EC0-301F-11D3-BF4B-00C04F79EFBC}") = "GSIntegradora.Web.UI", "GSIntegradora.Web.UI\GSIntegradora.Web.UI.csproj", "{4247F2E4-6C93-4D50-BD69-F801928C5CE2}"
EndProject
Project("{FAE04EC0-301F-11D3-BF4B-00C04F79EFBC}") = "GSIntegradora.Web.UI.Tests", "GSIntegradora.Web.UI.Tests\GSIntegradora.Web.UI.Tests.csproj", "{9855A15B-1BC1-497B-A8A9-26846AC9071B}"
EndProject
Project("{FAE04EC0-301F-11D3-BF4B-00C04F79EFBC}") = "GSIntegradora.Dominio", "GSIntegradora.Dominio\GSIntegradora.Dominio.csproj", "{9414C262-6B66-42F1-B81E-D32DB6B7F495}"
EndProject
Project("{FAE04EC0-301F-11D3-BF4B-00C04F79EFBC}") = "GSIntegradora.Infraestrutura", "GSIntegradora.Infraestrutura\GSIntegradora.Infraestrutura.csproj", "{5F21CF1D-2A33-4C52-8393-022867D0567A}"
EndProject
Global
	GlobalSection(SolutionConfigurationPlatforms) = preSolution
		Debug|Any CPU = Debug|Any CPU
		Release|Any CPU = Release|Any CPU
	EndGlobalSection
	GlobalSection(ProjectConfigurationPlatforms) = postSolution
		{39A391B1-B5C6-46FE-9CF7-739911F99765}.Debug|Any CPU.ActiveCfg = Debug|Any CPU
		{39A391B1-B5C6-46FE-9CF7-739911F99765}.Debug|Any CPU.Build.0 = Debug|Any CPU
		{39A391B1-B5C6-46FE-9CF7-739911F99765}.Release|Any CPU.ActiveCfg = Release|Any CPU
		{39A391B1-B5C6-46FE-9CF7-739911F99765}.Release|Any CPU.Build.0 = Release|Any CPU
		{4247F2E4-6C93-4D50-BD69-F801928C5CE2}.Debug|Any CPU.ActiveCfg = Debug|Any CPU
		{4247F2E4-6C93-4D50-BD69-F801928C5CE2}.Debug|Any CPU.Build.0 = Debug|Any CPU
		{4247F2E4-6C93-4D50-BD69-F801928C5CE2}.Release|Any CPU.ActiveCfg = Release|Any CPU
		{4247F2E4-6C93-4D50-BD69-F801928C5CE2}.Release|Any CPU.Build.0 = Release|Any CPU
		{9855A15B-1BC1-497B-A8A9-26846AC9071B}.Debug|Any CPU.ActiveCfg = Debug|Any CPU
		{9855A15B-1BC1-497B-A8A9-26846AC9071B}.Debug|Any CPU.Build.0 = Debug|Any CPU
		{9855A15B-1BC1-497B-A8A9-26846AC9071B}.Release|Any CPU.ActiveCfg = Release|Any CPU
		{9855A15B-1BC1-497B-A8A9-26846AC9071B}.Release|Any CPU.Build.0 = Release|Any CPU
		{9414C262-6B66-42F1-B81E-D32DB6B7F495}.Debug|Any CPU.ActiveCfg = Debug|Any CPU
		{9414C262-6B66-42F1-B81E-D32DB6B7F495}.Debug|Any CPU.Build.0 = Debug|Any CPU
		{9414C262-6B66-42F1-B81E-D32DB6B7F495}.Release|Any CPU.ActiveCfg = Release|Any CPU
		{9414C262-6B66-42F1-B81E-D32DB6B7F495}.Release|Any CPU.Build.0 = Release|Any CPU
		{5F21CF1D-2A33-4C52-8393-022867D0567A}.Debug|Any CPU.ActiveCfg = Debug|Any CPU
		{5F21CF1D-2A33-4C52-8393-022867D0567A}.Debug|Any CPU.Build.0 = Debug|Any CPU
		{5F21CF1D-2A33-4C52-8393-022867D0567A}.Release|Any CPU.ActiveCfg = Release|Any CPU
		{5F21CF1D-2A33-4C52-8393-022867D0567A}.Release|Any CPU.Build.0 = Release|Any CPU
	EndGlobalSection
	GlobalSection(SolutionProperties) = preSolution
		HideSolutionNode = FALSE
	EndGlobalSection
EndGlobal
